<Solution>
  <Project Path="LogAnalyzer.Ai/LogAnalyzer.Ai.csproj" />
  <Project Path="LogAnalyzer.App/LogAnalyzer.App.csproj" />
  <Project Path="LogAnalyzer.App.Classified/LogAnalyzer.App.Classified.csproj" />
  <Project Path="LogAnalyzer.App.Tests/LogAnalyzer.App.Tests.csproj" />
  <Project Path="LogAnalyzer.Connectors/LogAnalyzer.Connectors.csproj" />
  <Project Path="LogAnalyzer.Core/LogAnalyzer.Core.csproj" />
  <Project Path="LogAnalyzer.Dfir.Core/LogAnalyzer.Dfir.Core.csproj" />
  <Project Path="LogAnalyzer.Edition.Tests/LogAnalyzer.Edition.Tests.csproj" />
  <Project Path="LogAnalyzer.Dfir.Tests/LogAnalyzer.Dfir.Tests.csproj" />
  <Project Path="LogAnalyzer.Dfir.Windows/LogAnalyzer.Dfir.Windows.csproj" />
  <Project Path="LogAnalyzer.Infrastructure/LogAnalyzer.Infrastructure.csproj" />
  <Project Path="LogAnalyzer.KeyGen/LogAnalyzer.KeyGen.csproj" />
  <Project Path="LogAnalyzer.Response/LogAnalyzer.Response.csproj" />
  <Project Path="LogAnalyzer.LicenseManager/LogAnalyzer.LicenseManager.csproj" />
  <Project Path="LogAnalyzer.UI.Tests/LogAnalyzer.UI.Tests.csproj" />
  <Project Path="LogAnalyzer.Verification/LogAnalyzer.Verification.csproj" />
</Solution>
